
Microsoft Visual Studio Solution File, Format Version 12.00
# Visual Studio Version 17
VisualStudioVersion = 17.8.34511.84
MinimumVisualStudioVersion = 10.0.40219.1
Project("{8BC9CEB8-8B4A-11D0-8D11-00A0C91BC942}") = "Project1", "Project1\Project1.vcxproj", "{8839459F-CB2E-47E8-9059-82EBD4180B72}"
EndProject
Project("{8BC9CEB8-8B4A-11D0-8D11-00A0C91BC942}") = "HomeWork_1", "HomeWork_1\HomeWork_1.vcxproj", "{DBDD88A5-01AE-45EA-BC55-C44E7E4D1C1D}"
EndProject
Project("{8BC9CEB8-8B4A-11D0-8D11-00A0C91BC942}") = "Project2", "Project2\Project2.vcxproj", "{AF3E3DFF-F798-437B-B169-4402FAAC8CC0}"
EndProject
Project("{8BC9CEB8-8B4A-11D0-8D11-00A0C91BC942}") = "Project3", "Project3\Project3.vcxproj", "{E50751D2-54D6-4E4A-90D5-3F13A7DF662C}"
EndProject
Project("{8BC9CEB8-8B4A-11D0-8D11-00A0C91BC942}") = "Project4", "Project4\Project4.vcxproj", "{D71DDB3A-2163-4B51-AD41-CB8FED245298}"
EndProject
Project("{8BC9CEB8-8B4A-11D0-8D11-00A0C91BC942}") = "Project5", "Project5\Project5.vcxproj", "{075CFA2C-04CB-4C8C-8D71-F4A492A93B4F}"
EndProject
Global
	GlobalSection(SolutionConfigurationPlatforms) = preSolution
		Debug|x64 = Debug|x64
		Debug|x86 = Debug|x86
		Release|x64 = Release|x64
		Release|x86 = Release|x86
	EndGlobalSection
	GlobalSection(ProjectConfigurationPlatforms) = postSolution
		{8839459F-CB2E-47E8-9059-82EBD4180B72}.Debug|x64.ActiveCfg = Debug|x64
		{8839459F-CB2E-47E8-9059-82EBD4180B72}.Debug|x64.Build.0 = Debug|x64
		{8839459F-CB2E-47E8-9059-82EBD4180B72}.Debug|x86.ActiveCfg = Debug|Win32
		{8839459F-CB2E-47E8-9059-82EBD4180B72}.Debug|x86.Build.0 = Debug|Win32
		{8839459F-CB2E-47E8-9059-82EBD4180B72}.Release|x64.ActiveCfg = Release|x64
		{8839459F-CB2E-47E8-9059-82EBD4180B72}.Release|x64.Build.0 = Release|x64
		{8839459F-CB2E-47E8-9059-82EBD4180B72}.Release|x86.ActiveCfg = Release|Win32
		{8839459F-CB2E-47E8-9059-82EBD4180B72}.Release|x86.Build.0 = Release|Win32
		{DBDD88A5-01AE-45EA-BC55-C44E7E4D1C1D}.Debug|x64.ActiveCfg = Debug|x64
		{DBDD88A5-01AE-45EA-BC55-C44E7E4D1C1D}.Debug|x64.Build.0 = Debug|x64
		{DBDD88A5-01AE-45EA-BC55-C44E7E4D1C1D}.Debug|x86.ActiveCfg = Debug|Win32
		{DBDD88A5-01AE-45EA-BC55-C44E7E4D1C1D}.Debug|x86.Build.0 = Debug|Win32
		{DBDD88A5-01AE-45EA-BC55-C44E7E4D1C1D}.Release|x64.ActiveCfg = Release|x64
		{DBDD88A5-01AE-45EA-BC55-C44E7E4D1C1D}.Release|x64.Build.0 = Release|x64
		{DBDD88A5-01AE-45EA-BC55-C44E7E4D1C1D}.Release|x86.ActiveCfg = Release|Win32
		{DBDD88A5-01AE-45EA-BC55-C44E7E4D1C1D}.Release|x86.Build.0 = Release|Win32
		{AF3E3DFF-F798-437B-B169-4402FAAC8CC0}.Debug|x64.ActiveCfg = Debug|x64
		{AF3E3DFF-F798-437B-B169-4402FAAC8CC0}.Debug|x64.Build.0 = Debug|x64
		{AF3E3DFF-F798-437B-B169-4402FAAC8CC0}.Debug|x86.ActiveCfg = Debug|Win32
		{AF3E3DFF-F798-437B-B169-4402FAAC8CC0}.Debug|x86.Build.0 = Debug|Win32
		{AF3E3DFF-F798-437B-B169-4402FAAC8CC0}.Release|x64.ActiveCfg = Release|x64
		{AF3E3DFF-F798-437B-B169-4402FAAC8CC0}.Release|x64.Build.0 = Release|x64
		{AF3E3DFF-F798-437B-B169-4402FAAC8CC0}.Release|x86.ActiveCfg = Release|Win32
		{AF3E3DFF-F798-437B-B169-4402FAAC8CC0}.Release|x86.Build.0 = Release|Win32
		{E50751D2-54D6-4E4A-90D5-3F13A7DF662C}.Debug|x64.ActiveCfg = Debug|x64
		{E50751D2-54D6-4E4A-90D5-3F13A7DF662C}.Debug|x64.Build.0 = Debug|x64
		{E50751D2-54D6-4E4A-90D5-3F13A7DF662C}.Debug|x86.ActiveCfg = Debug|Win32
		{E50751D2-54D6-4E4A-90D5-3F13A7DF662C}.Debug|x86.Build.0 = Debug|Win32
		{E50751D2-54D6-4E4A-90D5-3F13A7DF662C}.Release|x64.ActiveCfg = Release|x64
		{E50751D2-54D6-4E4A-90D5-3F13A7DF662C}.Release|x64.Build.0 = Release|x64
		{E50751D2-54D6-4E4A-90D5-3F13A7DF662C}.Release|x86.ActiveCfg = Release|Win32
		{E50751D2-54D6-4E4A-90D5-3F13A7DF662C}.Release|x86.Build.0 = Release|Win32
		{D71DDB3A-2163-4B51-AD41-CB8FED245298}.Debug|x64.ActiveCfg = Debug|x64
		{D71DDB3A-2163-4B51-AD41-CB8FED245298}.Debug|x64.Build.0 = Debug|x64
		{D71DDB3A-2163-4B51-AD41-CB8FED245298}.Debug|x86.ActiveCfg = Debug|Win32
		{D71DDB3A-2163-4B51-AD41-CB8FED245298}.Debug|x86.Build.0 = Debug|Win32
		{D71DDB3A-2163-4B51-AD41-CB8FED245298}.Release|x64.ActiveCfg = Release|x64
		{D71DDB3A-2163-4B51-AD41-CB8FED245298}.Release|x64.Build.0 = Release|x64
		{D71DDB3A-2163-4B51-AD41-CB8FED245298}.Release|x86.ActiveCfg = Release|Win32
		{D71DDB3A-2163-4B51-AD41-CB8FED245298}.Release|x86.Build.0 = Release|Win32
		{075CFA2C-04CB-4C8C-8D71-F4A492A93B4F}.Debug|x64.ActiveCfg = Debug|x64
		{075CFA2C-04CB-4C8C-8D71-F4A492A93B4F}.Debug|x64.Build.0 = Debug|x64
		{075CFA2C-04CB-4C8C-8D71-F4A492A93B4F}.Debug|x86.ActiveCfg = Debug|Win32
		{075CFA2C-04CB-4C8C-8D71-F4A492A93B4F}.Debug|x86.Build.0 = Debug|Win32
		{075CFA2C-04CB-4C8C-8D71-F4A492A93B4F}.Release|x64.ActiveCfg = Release|x64
		{075CFA2C-04CB-4C8C-8D71-F4A492A93B4F}.Release|x64.Build.0 = Release|x64
		{075CFA2C-04CB-4C8C-8D71-F4A492A93B4F}.Release|x86.ActiveCfg = Release|Win32
		{075CFA2C-04CB-4C8C-8D71-F4A492A93B4F}.Release|x86.Build.0 = Release|Win32
	EndGlobalSection
	GlobalSection(SolutionProperties) = preSolution
		HideSolutionNode = FALSE
	EndGlobalSection
	GlobalSection(ExtensibilityGlobals) = postSolution
		SolutionGuid = {383C7E2D-87B4-40F6-B7DD-08A0B79D40DA}
	EndGlobalSection
EndGlobal
